// !$*UTF8*$!
{
	archiveVersion = 1;
	classes = {
	};
	objectVersion = 56;
	objects = {

/* Begin PBXBuildFile section */
		98841DA92B25E77D00335E4D /* GPUBruteForceMD5Engine.m in Sources */ = {isa = PBXBuildFile; fileRef = 98841DA82B25E77D00335E4D /* GPUBruteForceMD5Engine.m */; };
		98841DAB2B25EC5700335E4D /* md5GPU.metal in Sources */ = {isa = PBXBuildFile; fileRef = 98841DAA2B25EC5700335E4D /* md5GPU.metal */; };
		98D08E2B2B1D131C00B771A3 /* main.m in Sources */ = {isa = PBXBuildFile; fileRef = 98D08E2A2B1D131C00B771A3 /* main.m */; };
		98D08E312B1D132E00B771A3 /* CoreGraphics.framework in Frameworks */ = {isa = PBXBuildFile; fileRef = 98D08E302B1D132E00B771A3 /* CoreGraphics.framework */; };
		98D08E332B1D133800B771A3 /* Metal.framework in Frameworks */ = {isa = PBXBuildFile; fileRef = 98D08E322B1D133800B771A3 /* Metal.framework */; };
		98D08E342B1D138700B771A3 /* pwd_crack.metal in Sources */ = {isa = PBXBuildFile; fileRef = 9897991A2B1CED0600C053FF /* pwd_crack.metal */; };
/* End PBXBuildFile section */

/* Begin PBXCopyFilesBuildPhase section */
		98D08E262B1D131C00B771A3 /* CopyFiles */ = {
			isa = PBXCopyFilesBuildPhase;
			buildActionMask = 2147483647;
			dstPath = /usr/share/man/man1/;
			dstSubfolderSpec = 0;
			files = (
			);
			runOnlyForDeploymentPostprocessing = 1;
		};
/* End PBXCopyFilesBuildPhase section */

/* Begin PBXFileReference section */
		98841DA72B25E76500335E4D /* GPUBruteForceMD5Engine.h */ = {isa = PBXFileReference; lastKnownFileType = sourcecode.c.h; path = GPUBruteForceMD5Engine.h; sourceTree = "<group>"; };
		98841DA82B25E77D00335E4D /* GPUBruteForceMD5Engine.m */ = {isa = PBXFileReference; lastKnownFileType = sourcecode.c.objc; path = GPUBruteForceMD5Engine.m; sourceTree = "<group>"; };
		98841DAA2B25EC5700335E4D /* md5GPU.metal */ = {isa = PBXFileReference; lastKnownFileType = sourcecode.metal; path = md5GPU.metal; sourceTree = "<group>"; };
		98841DAC2B25EDBF00335E4D /* md5GPU.h */ = {isa = PBXFileReference; lastKnownFileType = sourcecode.c.h; path = md5GPU.h; sourceTree = "<group>"; };
		9897991A2B1CED0600C053FF /* pwd_crack.metal */ = {isa = PBXFileReference; lastKnownFileType = sourcecode.metal; path = pwd_crack.metal; sourceTree = "<group>"; };
		98D08E282B1D131C00B771A3 /* pwdcrack */ = {isa = PBXFileReference; explicitFileType = "compiled.mach-o.executable"; includeInIndex = 0; path = pwdcrack; sourceTree = BUILT_PRODUCTS_DIR; };
		98D08E2A2B1D131C00B771A3 /* main.m */ = {isa = PBXFileReference; lastKnownFileType = sourcecode.c.objc; path = main.m; sourceTree = "<group>"; };
		98D08E302B1D132E00B771A3 /* CoreGraphics.framework */ = {isa = PBXFileReference; lastKnownFileType = wrapper.framework; name = CoreGraphics.framework; path = System/Library/Frameworks/CoreGraphics.framework; sourceTree = SDKROOT; };
		98D08E322B1D133800B771A3 /* Metal.framework */ = {isa = PBXFileReference; lastKnownFileType = wrapper.framework; name = Metal.framework; path = System/Library/Frameworks/Metal.framework; sourceTree = SDKROOT; };
		98D08E382B1D48E800B771A3 /* constants.h */ = {isa = PBXFileReference; lastKnownFileType = sourcecode.c.h; path = constants.h; sourceTree = "<group>"; };
/* End PBXFileReference section */

/* Begin PBXFrameworksBuildPhase section */
		98D08E252B1D131C00B771A3 /* Frameworks */ = {
			isa = PBXFrameworksBuildPhase;
			buildActionMask = 2147483647;
			files = (
				98D08E332B1D133800B771A3 /* Metal.framework in Frameworks */,
				98D08E312B1D132E00B771A3 /* CoreGraphics.framework in Frameworks */,
			);
			runOnlyForDeploymentPostprocessing = 0;
		};
/* End PBXFrameworksBuildPhase section */

/* Begin PBXGroup section */
		989799102B1CED0600C053FF = {
			isa = PBXGroup;
			children = (
				98D08E292B1D131C00B771A3 /* src */,
				989799182B1CED0600C053FF /* Products */,
				98D08E2F2B1D132D00B771A3 /* Frameworks */,
			);
			sourceTree = "<group>";
		};
		989799182B1CED0600C053FF /* Products */ = {
			isa = PBXGroup;
			children = (
				98D08E282B1D131C00B771A3 /* pwdcrack */,
			);
			name = Products;
			sourceTree = "<group>";
		};
		98D08E292B1D131C00B771A3 /* src */ = {
			isa = PBXGroup;
			children = (
				9897991A2B1CED0600C053FF /* pwd_crack.metal */,
				98D08E2A2B1D131C00B771A3 /* main.m */,
				98D08E382B1D48E800B771A3 /* constants.h */,
				98841DA72B25E76500335E4D /* GPUBruteForceMD5Engine.h */,
				98841DA82B25E77D00335E4D /* GPUBruteForceMD5Engine.m */,
				98841DAA2B25EC5700335E4D /* md5GPU.metal */,
				98841DAC2B25EDBF00335E4D /* md5GPU.h */,
			);
			path = src;
			sourceTree = "<group>";
		};
		98D08E2F2B1D132D00B771A3 /* Frameworks */ = {
			isa = PBXGroup;
			children = (
				98D08E322B1D133800B771A3 /* Metal.framework */,
				98D08E302B1D132E00B771A3 /* CoreGraphics.framework */,
			);
			name = Frameworks;
			sourceTree = "<group>";
		};
/* End PBXGroup section */

/* Begin PBXNativeTarget section */
		98D08E272B1D131C00B771A3 /* pwdcrack */ = {
			isa = PBXNativeTarget;
			buildConfigurationList = 98D08E2C2B1D131C00B771A3 /* Build configuration list for PBXNativeTarget "pwdcrack" */;
			buildPhases = (
				98D08E242B1D131C00B771A3 /* Sources */,
				98D08E252B1D131C00B771A3 /* Frameworks */,
				98D08E262B1D131C00B771A3 /* CopyFiles */,
			);
			buildRules = (
			);
			dependencies = (
			);
			name = pwdcrack;
			productName = pwdcrack;
			productReference = 98D08E282B1D131C00B771A3 /* pwdcrack */;
			productType = "com.apple.product-type.tool";
		};
/* End PBXNativeTarget section */

/* Begin PBXProject section */
		989799112B1CED0600C053FF /* Project object */ = {
			isa = PBXProject;
			attributes = {
				BuildIndependentTargetsInParallel = 1;
				LastUpgradeCheck = 1500;
				TargetAttributes = {
					98D08E272B1D131C00B771A3 = {
						CreatedOnToolsVersion = 15.0.1;
					};
				};
			};
			buildConfigurationList = 989799142B1CED0600C053FF /* Build configuration list for PBXProject "pwdtools" */;
			compatibilityVersion = "Xcode 14.0";
			developmentRegion = en;
			hasScannedForEncodings = 0;
			knownRegions = (
				en,
				Base,
			);
			mainGroup = 989799102B1CED0600C053FF;
			productRefGroup = 989799182B1CED0600C053FF /* Products */;
			projectDirPath = "";
			projectRoot = "";
			targets = (
				98D08E272B1D131C00B771A3 /* pwdcrack */,
			);
		};
/* End PBXProject section */

/* Begin PBXSourcesBuildPhase section */
		98D08E242B1D131C00B771A3 /* Sources */ = {
			isa = PBXSourcesBuildPhase;
			buildActionMask = 2147483647;
			files = (
				98D08E2B2B1D131C00B771A3 /* main.m in Sources */,
				98841DAB2B25EC5700335E4D /* md5GPU.metal in Sources */,
				98841DA92B25E77D00335E4D /* GPUBruteForceMD5Engine.m in Sources */,
				98D08E342B1D138700B771A3 /* pwd_crack.metal in Sources */,
			);
			runOnlyForDeploymentPostprocessing = 0;
		};
/* End PBXSourcesBuildPhase section */

/* Begin XCBuildConfiguration section */
		9897991C2B1CED0600C053FF /* Debug */ = {
			isa = XCBuildConfiguration;
			buildSettings = {
				ALWAYS_SEARCH_USER_PATHS = NO;
				MACOSX_DEPLOYMENT_TARGET = 14.0;
				MTL_ENABLE_DEBUG_INFO = INCLUDE_SOURCE;
				MTL_FAST_MATH = YES;
				SDKROOT = macosx;
			};
			name = Debug;
		};
		9897991D2B1CED0600C053FF /* Release */ = {
			isa = XCBuildConfiguration;
			buildSettings = {
				ALWAYS_SEARCH_USER_PATHS = NO;
				MACOSX_DEPLOYMENT_TARGET = 14.0;
				MTL_ENABLE_DEBUG_INFO = NO;
				MTL_FAST_MATH = YES;
				SDKROOT = macosx;
			};
			name = Release;
		};
		98D08E2D2B1D131C00B771A3 /* Debug */ = {
			isa = XCBuildConfiguration;
			buildSettings = {
				ASSETCATALOG_COMPILER_GENERATE_SWIFT_ASSET_SYMBOL_EXTENSIONS = YES;
				CLANG_ANALYZER_NONNULL = YES;
				CLANG_ANALYZER_NUMBER_OBJECT_CONVERSION = YES_AGGRESSIVE;
				CLANG_CXX_LANGUAGE_STANDARD = "gnu++20";
				CLANG_ENABLE_MODULES = YES;
				CLANG_ENABLE_OBJC_ARC = YES;
				CLANG_ENABLE_OBJC_WEAK = YES;
				CLANG_USE_OPTIMIZATION_PROFILE = NO;
				CLANG_WARN_BLOCK_CAPTURE_AUTORELEASING = YES;
				CLANG_WARN_BOOL_CONVERSION = YES;
				CLANG_WARN_COMMA = YES;
				CLANG_WARN_CONSTANT_CONVERSION = YES;
				CLANG_WARN_DEPRECATED_OBJC_IMPLEMENTATIONS = YES;
				CLANG_WARN_DIRECT_OBJC_ISA_USAGE = YES_ERROR;
				CLANG_WARN_DOCUMENTATION_COMMENTS = YES;
				CLANG_WARN_EMPTY_BODY = YES;
				CLANG_WARN_ENUM_CONVERSION = YES;
				CLANG_WARN_INFINITE_RECURSION = YES;
				CLANG_WARN_INT_CONVERSION = YES;
				CLANG_WARN_NON_LITERAL_NULL_CONVERSION = YES;
				CLANG_WARN_OBJC_IMPLICIT_RETAIN_SELF = YES;
				CLANG_WARN_OBJC_LITERAL_CONVERSION = YES;
				CLANG_WARN_OBJC_ROOT_CLASS = YES_ERROR;
				CLANG_WARN_QUOTED_INCLUDE_IN_FRAMEWORK_HEADER = YES;
				CLANG_WARN_RANGE_LOOP_ANALYSIS = YES;
				CLANG_WARN_STRICT_PROTOTYPES = YES;
				CLANG_WARN_SUSPICIOUS_MOVE = YES;
				CLANG_WARN_UNGUARDED_AVAILABILITY = YES_AGGRESSIVE;
				CLANG_WARN_UNREACHABLE_CODE = YES;
				CLANG_WARN__DUPLICATE_METHOD_MATCH = YES;
				CLANG_X86_VECTOR_INSTRUCTIONS = default;
				CODE_SIGN_STYLE = Automatic;
				COPY_PHASE_STRIP = NO;
				DEAD_CODE_STRIPPING = YES;
				DEBUG_INFORMATION_FORMAT = dwarf;
				ENABLE_STRICT_OBJC_MSGSEND = YES;
				ENABLE_TESTABILITY = YES;
				ENABLE_USER_SCRIPT_SANDBOXING = YES;
				GCC_CHAR_IS_UNSIGNED_CHAR = YES;
				GCC_C_LANGUAGE_STANDARD = gnu17;
				GCC_DYNAMIC_NO_PIC = YES;
				GCC_ENABLE_KERNEL_DEVELOPMENT = NO;
				GCC_FAST_MATH = YES;
				GCC_INSTRUMENT_PROGRAM_FLOW_ARCS = NO;
				GCC_NO_COMMON_BLOCKS = YES;
				GCC_OPTIMIZATION_LEVEL = fast;
				GCC_PREPROCESSOR_DEFINITIONS = (
					"DEBUG=1",
					"$(inherited)",
				);
				GCC_STRICT_ALIASING = NO;
				GCC_UNROLL_LOOPS = YES;
				GCC_WARN_64_TO_32_BIT_CONVERSION = YES;
				GCC_WARN_ABOUT_RETURN_TYPE = YES_ERROR;
				GCC_WARN_UNDECLARED_SELECTOR = YES;
				GCC_WARN_UNINITIALIZED_AUTOS = YES_AGGRESSIVE;
				GCC_WARN_UNUSED_FUNCTION = YES;
				GCC_WARN_UNUSED_VARIABLE = YES;
				LOCALIZATION_PREFERS_STRING_CATALOGS = YES;
				MTL_COMPILER_FLAGS = "";
				MTL_ENABLE_INDEX_STORE = YES;
				MTL_ENABLE_MODULES = YES;
				MTL_HEADER_SEARCH_PATHS = "";
				MTL_LANGUAGE_REVISION = Metal31;
				MTL_OPTIMIZATION_LEVEL = default;
				MTL_PREPROCESSOR_DEFINITIONS = "";
				ONLY_ACTIVE_ARCH = YES;
				PRODUCT_NAME = "$(TARGET_NAME)";
			};
			name = Debug;
		};
		98D08E2E2B1D131C00B771A3 /* Release */ = {
			isa = XCBuildConfiguration;
			buildSettings = {
				ASSETCATALOG_COMPILER_GENERATE_SWIFT_ASSET_SYMBOL_EXTENSIONS = YES;
				CLANG_ANALYZER_NONNULL = YES;
				CLANG_ANALYZER_NUMBER_OBJECT_CONVERSION = YES_AGGRESSIVE;
				CLANG_CXX_LANGUAGE_STANDARD = "gnu++20";
				CLANG_ENABLE_MODULES = YES;
				CLANG_ENABLE_OBJC_ARC = YES;
				CLANG_ENABLE_OBJC_WEAK = YES;
				CLANG_USE_OPTIMIZATION_PROFILE = NO;
				CLANG_WARN_BLOCK_CAPTURE_AUTORELEASING = YES;
				CLANG_WARN_BOOL_CONVERSION = YES;
				CLANG_WARN_COMMA = YES;
				CLANG_WARN_CONSTANT_CONVERSION = YES;
				CLANG_WARN_DEPRECATED_OBJC_IMPLEMENTATIONS = YES;
				CLANG_WARN_DIRECT_OBJC_ISA_USAGE = YES_ERROR;
				CLANG_WARN_DOCUMENTATION_COMMENTS = YES;
				CLANG_WARN_EMPTY_BODY = YES;
				CLANG_WARN_ENUM_CONVERSION = YES;
				CLANG_WARN_INFINITE_RECURSION = YES;
				CLANG_WARN_INT_CONVERSION = YES;
				CLANG_WARN_NON_LITERAL_NULL_CONVERSION = YES;
				CLANG_WARN_OBJC_IMPLICIT_RETAIN_SELF = YES;
				CLANG_WARN_OBJC_LITERAL_CONVERSION = YES;
				CLANG_WARN_OBJC_ROOT_CLASS = YES_ERROR;
				CLANG_WARN_QUOTED_INCLUDE_IN_FRAMEWORK_HEADER = YES;
				CLANG_WARN_RANGE_LOOP_ANALYSIS = YES;
				CLANG_WARN_STRICT_PROTOTYPES = YES;
				CLANG_WARN_SUSPICIOUS_MOVE = YES;
				CLANG_WARN_UNGUARDED_AVAILABILITY = YES_AGGRESSIVE;
				CLANG_WARN_UNREACHABLE_CODE = YES;
				CLANG_WARN__DUPLICATE_METHOD_MATCH = YES;
				CLANG_X86_VECTOR_INSTRUCTIONS = default;
				CODE_SIGN_STYLE = Automatic;
				COPY_PHASE_STRIP = NO;
				DEAD_CODE_STRIPPING = YES;
				DEBUG_INFORMATION_FORMAT = "dwarf-with-dsym";
				ENABLE_NS_ASSERTIONS = NO;
				ENABLE_STRICT_OBJC_MSGSEND = YES;
				ENABLE_USER_SCRIPT_SANDBOXING = YES;
				GCC_CHAR_IS_UNSIGNED_CHAR = YES;
				GCC_C_LANGUAGE_STANDARD = gnu17;
				GCC_DYNAMIC_NO_PIC = YES;
				GCC_ENABLE_KERNEL_DEVELOPMENT = NO;
				GCC_FAST_MATH = YES;
				GCC_INSTRUMENT_PROGRAM_FLOW_ARCS = NO;
				GCC_NO_COMMON_BLOCKS = YES;
				GCC_OPTIMIZATION_LEVEL = fast;
				GCC_STRICT_ALIASING = NO;
				GCC_UNROLL_LOOPS = YES;
				GCC_WARN_64_TO_32_BIT_CONVERSION = YES;
				GCC_WARN_ABOUT_RETURN_TYPE = YES_ERROR;
				GCC_WARN_UNDECLARED_SELECTOR = YES;
				GCC_WARN_UNINITIALIZED_AUTOS = YES_AGGRESSIVE;
				GCC_WARN_UNUSED_FUNCTION = YES;
				GCC_WARN_UNUSED_VARIABLE = YES;
				LOCALIZATION_PREFERS_STRING_CATALOGS = YES;
				MTL_COMPILER_FLAGS = "";
				MTL_ENABLE_INDEX_STORE = YES;
				MTL_ENABLE_MODULES = YES;
				MTL_HEADER_SEARCH_PATHS = "";
				MTL_LANGUAGE_REVISION = Metal31;
				MTL_OPTIMIZATION_LEVEL = default;
				MTL_PREPROCESSOR_DEFINITIONS = "";
				PRODUCT_NAME = "$(TARGET_NAME)";
			};
			name = Release;
		};
/* End XCBuildConfiguration section */

/* Begin XCConfigurationList section */
		989799142B1CED0600C053FF /* Build configuration list for PBXProject "pwdtools" */ = {
			isa = XCConfigurationList;
			buildConfigurations = (
				9897991C2B1CED0600C053FF /* Debug */,
				9897991D2B1CED0600C053FF /* Release */,
			);
			defaultConfigurationIsVisible = 0;
			defaultConfigurationName = Release;
		};
		98D08E2C2B1D131C00B771A3 /* Build configuration list for PBXNativeTarget "pwdcrack" */ = {
			isa = XCConfigurationList;
			buildConfigurations = (
				98D08E2D2B1D131C00B771A3 /* Debug */,
				98D08E2E2B1D131C00B771A3 /* Release */,
			);
			defaultConfigurationIsVisible = 0;
			defaultConfigurationName = Release;
		};
/* End XCConfigurationList section */
	};
	rootObject = 989799112B1CED0600C053FF /* Project object */;
}
